{
  "requires": true,
  "lockfileVersion": 1,
  "dependencies": {
    "redux-thunk": {
      "version": "2.3.0",
      "resolved": "https://registry.npm.taobao.org/redux-thunk/download/redux-thunk-2.3.0.tgz?cache=0&sync_timestamp=1573615470050&other_urls=https%3A%2F%2Fregistry.npm.taobao.org%2Fredux-thunk%2Fdownload%2Fredux-thunk-2.3.0.tgz",
      "integrity": "sha1-UcLBmhhe1Rh6qpotCLZm0NZGdiI="
    }
  }
}
